
Microsoft Visual Studio Solution File, Format Version 12.00
# Visual Studio 15
VisualStudioVersion = 15.0.26430.6
MinimumVisualStudioVersion = 10.0.40219.1
Project("{FAE04EC0-301F-11D3-BF4B-00C04F79EFBC}") = "B17_Ex02_BullsEyeEngine", "B17_Ex02_BullsEyeEngine\B17_Ex02_BullsEyeEngine.csproj", "{F114E169-0F09-492B-A366-046E4141D7BE}"
EndProject
Project("{FAE04EC0-301F-11D3-BF4B-00C04F79EFBC}") = "B17_Ex02_BullsEyeConsole", "B17_Ex02_BullsEyeConsole\B17_Ex02_BullsEyeConsole.csproj", "{CCDE897A-280C-415C-9BC5-A480DAA02C39}"
EndProject
Project("{2150E333-8FDC-42A3-9474-1A3956D46DE8}") = "Solution Items", "Solution Items", "{B252D3AC-DFD2-4240-BFD1-244BEDA58348}"
	ProjectSection(SolutionItems) = preProject
		Checking Report.txt = Checking Report.txt
	EndProjectSection
EndProject
Global
	GlobalSection(SolutionConfigurationPlatforms) = preSolution
		Debug|Any CPU = Debug|Any CPU
		Release|Any CPU = Release|Any CPU
	EndGlobalSection
	GlobalSection(ProjectConfigurationPlatforms) = postSolution
		{F114E169-0F09-492B-A366-046E4141D7BE}.Debug|Any CPU.ActiveCfg = Debug|Any CPU
		{F114E169-0F09-492B-A366-046E4141D7BE}.Debug|Any CPU.Build.0 = Debug|Any CPU
		{F114E169-0F09-492B-A366-046E4141D7BE}.Release|Any CPU.ActiveCfg = Release|Any CPU
		{F114E169-0F09-492B-A366-046E4141D7BE}.Release|Any CPU.Build.0 = Release|Any CPU
		{CCDE897A-280C-415C-9BC5-A480DAA02C39}.Debug|Any CPU.ActiveCfg = Debug|Any CPU
		{CCDE897A-280C-415C-9BC5-A480DAA02C39}.Debug|Any CPU.Build.0 = Debug|Any CPU
		{CCDE897A-280C-415C-9BC5-A480DAA02C39}.Release|Any CPU.ActiveCfg = Release|Any CPU
		{CCDE897A-280C-415C-9BC5-A480DAA02C39}.Release|Any CPU.Build.0 = Release|Any CPU
	EndGlobalSection
	GlobalSection(SolutionProperties) = preSolution
		HideSolutionNode = FALSE
	EndGlobalSection
EndGlobal
